
Microsoft Visual Studio Solution File, Format Version 12.00
# Visual Studio Version 17
VisualStudioVersion = 17.4.33213.308
MinimumVisualStudioVersion = 10.0.40219.1
Project("{FAE04EC0-301F-11D3-BF4B-00C04F79EFBC}") = "Ski-ServiceNoSQL", "Ski-ServiceNoSQL.csproj", "{27C72682-28C5-48F3-9348-ABEF8486B700}"
EndProject
Global
	GlobalSection(SolutionConfigurationPlatforms) = preSolution
		Debug|Any CPU = Debug|Any CPU
		Release|Any CPU = Release|Any CPU
	EndGlobalSection
	GlobalSection(ProjectConfigurationPlatforms) = postSolution
		{27C72682-28C5-48F3-9348-ABEF8486B700}.Debug|Any CPU.ActiveCfg = Debug|Any CPU
		{27C72682-28C5-48F3-9348-ABEF8486B700}.Debug|Any CPU.Build.0 = Debug|Any CPU
		{27C72682-28C5-48F3-9348-ABEF8486B700}.Release|Any CPU.ActiveCfg = Release|Any CPU
		{27C72682-28C5-48F3-9348-ABEF8486B700}.Release|Any CPU.Build.0 = Release|Any CPU
	EndGlobalSection
	GlobalSection(SolutionProperties) = preSolution
		HideSolutionNode = FALSE
	EndGlobalSection
	GlobalSection(ExtensibilityGlobals) = postSolution
		SolutionGuid = {689A64F2-F7FB-40F8-BCD0-E88AE396707D}
	EndGlobalSection
EndGlobal
